{
  "name": "fujiosui",
  "version": "1.0.0",
  "lockfileVersion": 3,
  "requires": true,
  "packages": {
    "": {
      "name": "fujiosui",
      "version": "1.0.0",
      "license": "MIT",
      "workspaces": [
        "packages/components/accordion"
      ]
    },
    "node_modules/accordion": {
      "resolved": "packages/components/accordion",
      "link": true
    },
    "packages/components/accordion": {
      "version": "1.0.0",
      "license": "MIT"
    }
  }
}
